
Microsoft Visual Studio Solution File, Format Version 12.00
# Visual Studio 15
Project("{FAE04EC0-301F-11D3-BF4B-00C04F79EFBC}") = "Sample.WebApi", "Sample.WebApi\Sample.WebApi.csproj", "{3761AA36-0491-42F8-B2FA-5EEE81198E8A}"
EndProject
Project("{2150E333-8FDC-42A3-9474-1A3956D46DE8}") = "src", "src", "{92BEDC76-2ABE-4145-A417-5D8A4938395F}"
EndProject
Project("{2150E333-8FDC-42A3-9474-1A3956D46DE8}") = "test", "test", "{AB9E0EDB-D2CC-43B6-A7A2-486B9E153AD8}"
EndProject
Project("{FAE04EC0-301F-11D3-BF4B-00C04F79EFBC}") = "Sample.Test", "Sample.Test\Sample.Test.csproj", "{15D61767-06C2-45F8-B54D-9FA02567133C}"
EndProject
Project("{FAE04EC0-301F-11D3-BF4B-00C04F79EFBC}") = "Sample.Application", "Sample.Application\Sample.Application.csproj", "{05594150-B6F0-47E8-81CF-8968C2B3ED47}"
EndProject
Project("{FAE04EC0-301F-11D3-BF4B-00C04F79EFBC}") = "Sample.Common", "Sample.Common\Sample.Common.csproj", "{A1E17BF0-20F5-4390-90C2-0849947F4F48}"
EndProject
Project("{FAE04EC0-301F-11D3-BF4B-00C04F79EFBC}") = "Sample.Domain", "Sample.Domain\Sample.Domain.csproj", "{E50AFC27-9E12-4629-879B-34F74E47883C}"
EndProject
Project("{FAE04EC0-301F-11D3-BF4B-00C04F79EFBC}") = "Sample.Infrastructure", "Sample.Infrastructure\Sample.Infrastructure.csproj", "{18E4FC09-4821-419A-B17C-4EB0BDBB6017}"
EndProject
Global
	GlobalSection(SolutionConfigurationPlatforms) = preSolution
		Debug|Any CPU = Debug|Any CPU
		Release|Any CPU = Release|Any CPU
	EndGlobalSection
	GlobalSection(ProjectConfigurationPlatforms) = postSolution
		{3761AA36-0491-42F8-B2FA-5EEE81198E8A}.Debug|Any CPU.ActiveCfg = Debug|Any CPU
		{3761AA36-0491-42F8-B2FA-5EEE81198E8A}.Debug|Any CPU.Build.0 = Debug|Any CPU
		{3761AA36-0491-42F8-B2FA-5EEE81198E8A}.Release|Any CPU.ActiveCfg = Release|Any CPU
		{3761AA36-0491-42F8-B2FA-5EEE81198E8A}.Release|Any CPU.Build.0 = Release|Any CPU
		{15D61767-06C2-45F8-B54D-9FA02567133C}.Debug|Any CPU.ActiveCfg = Debug|Any CPU
		{15D61767-06C2-45F8-B54D-9FA02567133C}.Debug|Any CPU.Build.0 = Debug|Any CPU
		{15D61767-06C2-45F8-B54D-9FA02567133C}.Release|Any CPU.ActiveCfg = Release|Any CPU
		{15D61767-06C2-45F8-B54D-9FA02567133C}.Release|Any CPU.Build.0 = Release|Any CPU
		{05594150-B6F0-47E8-81CF-8968C2B3ED47}.Debug|Any CPU.ActiveCfg = Debug|Any CPU
		{05594150-B6F0-47E8-81CF-8968C2B3ED47}.Debug|Any CPU.Build.0 = Debug|Any CPU
		{05594150-B6F0-47E8-81CF-8968C2B3ED47}.Release|Any CPU.ActiveCfg = Release|Any CPU
		{05594150-B6F0-47E8-81CF-8968C2B3ED47}.Release|Any CPU.Build.0 = Release|Any CPU
		{A1E17BF0-20F5-4390-90C2-0849947F4F48}.Debug|Any CPU.ActiveCfg = Debug|Any CPU
		{A1E17BF0-20F5-4390-90C2-0849947F4F48}.Debug|Any CPU.Build.0 = Debug|Any CPU
		{A1E17BF0-20F5-4390-90C2-0849947F4F48}.Release|Any CPU.ActiveCfg = Release|Any CPU
		{A1E17BF0-20F5-4390-90C2-0849947F4F48}.Release|Any CPU.Build.0 = Release|Any CPU
		{E50AFC27-9E12-4629-879B-34F74E47883C}.Debug|Any CPU.ActiveCfg = Debug|Any CPU
		{E50AFC27-9E12-4629-879B-34F74E47883C}.Debug|Any CPU.Build.0 = Debug|Any CPU
		{E50AFC27-9E12-4629-879B-34F74E47883C}.Release|Any CPU.ActiveCfg = Release|Any CPU
		{E50AFC27-9E12-4629-879B-34F74E47883C}.Release|Any CPU.Build.0 = Release|Any CPU
		{18E4FC09-4821-419A-B17C-4EB0BDBB6017}.Debug|Any CPU.ActiveCfg = Debug|Any CPU
		{18E4FC09-4821-419A-B17C-4EB0BDBB6017}.Debug|Any CPU.Build.0 = Debug|Any CPU
		{18E4FC09-4821-419A-B17C-4EB0BDBB6017}.Release|Any CPU.ActiveCfg = Release|Any CPU
		{18E4FC09-4821-419A-B17C-4EB0BDBB6017}.Release|Any CPU.Build.0 = Release|Any CPU
	EndGlobalSection
	GlobalSection(NestedProjects) = preSolution
		{3761AA36-0491-42F8-B2FA-5EEE81198E8A} = {92BEDC76-2ABE-4145-A417-5D8A4938395F}
		{15D61767-06C2-45F8-B54D-9FA02567133C} = {AB9E0EDB-D2CC-43B6-A7A2-486B9E153AD8}
		{05594150-B6F0-47E8-81CF-8968C2B3ED47} = {92BEDC76-2ABE-4145-A417-5D8A4938395F}
		{A1E17BF0-20F5-4390-90C2-0849947F4F48} = {92BEDC76-2ABE-4145-A417-5D8A4938395F}
		{E50AFC27-9E12-4629-879B-34F74E47883C} = {92BEDC76-2ABE-4145-A417-5D8A4938395F}
		{18E4FC09-4821-419A-B17C-4EB0BDBB6017} = {92BEDC76-2ABE-4145-A417-5D8A4938395F}
	EndGlobalSection
EndGlobal
