
Microsoft Visual Studio Solution File, Format Version 12.00
# Visual Studio 15
Project("{FAE04EC0-301F-11D3-BF4B-00C04F79EFBC}") = "Sample.WebApi", "Sample.WebApi\Sample.WebApi.csproj", "{3761AA36-0491-42F8-B2FA-5EEE81198E8A}"
EndProject
Project("{2150E333-8FDC-42A3-9474-1A3956D46DE8}") = "src", "src", "{92BEDC76-2ABE-4145-A417-5D8A4938395F}"
EndProject
Project("{2150E333-8FDC-42A3-9474-1A3956D46DE8}") = "test", "test", "{AB9E0EDB-D2CC-43B6-A7A2-486B9E153AD8}"
EndProject
Global
	GlobalSection(SolutionConfigurationPlatforms) = preSolution
		Debug|Any CPU = Debug|Any CPU
		Release|Any CPU = Release|Any CPU
	EndGlobalSection
	GlobalSection(ProjectConfigurationPlatforms) = postSolution
		{3761AA36-0491-42F8-B2FA-5EEE81198E8A}.Debug|Any CPU.ActiveCfg = Debug|Any CPU
		{3761AA36-0491-42F8-B2FA-5EEE81198E8A}.Debug|Any CPU.Build.0 = Debug|Any CPU
		{3761AA36-0491-42F8-B2FA-5EEE81198E8A}.Release|Any CPU.ActiveCfg = Release|Any CPU
		{3761AA36-0491-42F8-B2FA-5EEE81198E8A}.Release|Any CPU.Build.0 = Release|Any CPU
	EndGlobalSection
	GlobalSection(NestedProjects) = preSolution
		{3761AA36-0491-42F8-B2FA-5EEE81198E8A} = {92BEDC76-2ABE-4145-A417-5D8A4938395F}
	EndGlobalSection
EndGlobal
