
Microsoft Visual Studio Solution File, Format Version 12.00
# Visual Studio 15
Project("{FAE04EC0-301F-11D3-BF4B-00C04F79EFBC}") = "Sample.WebApi", "Sample.WebApi\Sample.WebApi.csproj", "{3761AA36-0491-42F8-B2FA-5EEE81198E8A}"
EndProject
Project("{2150E333-8FDC-42A3-9474-1A3956D46DE8}") = "src", "src", "{92BEDC76-2ABE-4145-A417-5D8A4938395F}"
EndProject
Project("{2150E333-8FDC-42A3-9474-1A3956D46DE8}") = "test", "test", "{AB9E0EDB-D2CC-43B6-A7A2-486B9E153AD8}"
EndProject
Project("{FAE04EC0-301F-11D3-BF4B-00C04F79EFBC}") = "Sample.Application", "Sample.WebApi\Sample.Application\Sample.Application.csproj", "{7A76431C-F3C9-4372-8352-B1AEA1293209}"
EndProject
Project("{FAE04EC0-301F-11D3-BF4B-00C04F79EFBC}") = "Sample.Domain", "Sample.WebApi\Sample.Domain\Sample.Domain.csproj", "{353B5388-DA1F-45A2-9DD0-D7393DE77B93}"
EndProject
Project("{FAE04EC0-301F-11D3-BF4B-00C04F79EFBC}") = "Sample.Infrastructure", "Sample.WebApi\Sample.Infrastructure\Sample.Infrastructure.csproj", "{AAD631B6-CCAC-4B4D-9F18-FD8DB9701BCD}"
EndProject
Project("{FAE04EC0-301F-11D3-BF4B-00C04F79EFBC}") = "Sample.Test", "Sample.Test\Sample.Test.csproj", "{15D61767-06C2-45F8-B54D-9FA02567133C}"
EndProject
Project("{FAE04EC0-301F-11D3-BF4B-00C04F79EFBC}") = "Sample.Common", "Sample.WebApi\Sample.Common\Sample.Common.csproj", "{92A3A9CF-0065-47F2-9253-47CAA45F99FC}"
EndProject
Global
	GlobalSection(SolutionConfigurationPlatforms) = preSolution
		Debug|Any CPU = Debug|Any CPU
		Release|Any CPU = Release|Any CPU
	EndGlobalSection
	GlobalSection(ProjectConfigurationPlatforms) = postSolution
		{3761AA36-0491-42F8-B2FA-5EEE81198E8A}.Debug|Any CPU.ActiveCfg = Debug|Any CPU
		{3761AA36-0491-42F8-B2FA-5EEE81198E8A}.Debug|Any CPU.Build.0 = Debug|Any CPU
		{3761AA36-0491-42F8-B2FA-5EEE81198E8A}.Release|Any CPU.ActiveCfg = Release|Any CPU
		{3761AA36-0491-42F8-B2FA-5EEE81198E8A}.Release|Any CPU.Build.0 = Release|Any CPU
		{7A76431C-F3C9-4372-8352-B1AEA1293209}.Debug|Any CPU.ActiveCfg = Debug|Any CPU
		{7A76431C-F3C9-4372-8352-B1AEA1293209}.Debug|Any CPU.Build.0 = Debug|Any CPU
		{7A76431C-F3C9-4372-8352-B1AEA1293209}.Release|Any CPU.ActiveCfg = Release|Any CPU
		{7A76431C-F3C9-4372-8352-B1AEA1293209}.Release|Any CPU.Build.0 = Release|Any CPU
		{353B5388-DA1F-45A2-9DD0-D7393DE77B93}.Debug|Any CPU.ActiveCfg = Debug|Any CPU
		{353B5388-DA1F-45A2-9DD0-D7393DE77B93}.Debug|Any CPU.Build.0 = Debug|Any CPU
		{353B5388-DA1F-45A2-9DD0-D7393DE77B93}.Release|Any CPU.ActiveCfg = Release|Any CPU
		{353B5388-DA1F-45A2-9DD0-D7393DE77B93}.Release|Any CPU.Build.0 = Release|Any CPU
		{AAD631B6-CCAC-4B4D-9F18-FD8DB9701BCD}.Debug|Any CPU.ActiveCfg = Debug|Any CPU
		{AAD631B6-CCAC-4B4D-9F18-FD8DB9701BCD}.Debug|Any CPU.Build.0 = Debug|Any CPU
		{AAD631B6-CCAC-4B4D-9F18-FD8DB9701BCD}.Release|Any CPU.ActiveCfg = Release|Any CPU
		{AAD631B6-CCAC-4B4D-9F18-FD8DB9701BCD}.Release|Any CPU.Build.0 = Release|Any CPU
		{15D61767-06C2-45F8-B54D-9FA02567133C}.Debug|Any CPU.ActiveCfg = Debug|Any CPU
		{15D61767-06C2-45F8-B54D-9FA02567133C}.Debug|Any CPU.Build.0 = Debug|Any CPU
		{15D61767-06C2-45F8-B54D-9FA02567133C}.Release|Any CPU.ActiveCfg = Release|Any CPU
		{15D61767-06C2-45F8-B54D-9FA02567133C}.Release|Any CPU.Build.0 = Release|Any CPU
		{92A3A9CF-0065-47F2-9253-47CAA45F99FC}.Debug|Any CPU.ActiveCfg = Debug|Any CPU
		{92A3A9CF-0065-47F2-9253-47CAA45F99FC}.Debug|Any CPU.Build.0 = Debug|Any CPU
		{92A3A9CF-0065-47F2-9253-47CAA45F99FC}.Release|Any CPU.ActiveCfg = Release|Any CPU
		{92A3A9CF-0065-47F2-9253-47CAA45F99FC}.Release|Any CPU.Build.0 = Release|Any CPU
	EndGlobalSection
	GlobalSection(NestedProjects) = preSolution
		{3761AA36-0491-42F8-B2FA-5EEE81198E8A} = {92BEDC76-2ABE-4145-A417-5D8A4938395F}
		{7A76431C-F3C9-4372-8352-B1AEA1293209} = {92BEDC76-2ABE-4145-A417-5D8A4938395F}
		{353B5388-DA1F-45A2-9DD0-D7393DE77B93} = {92BEDC76-2ABE-4145-A417-5D8A4938395F}
		{AAD631B6-CCAC-4B4D-9F18-FD8DB9701BCD} = {92BEDC76-2ABE-4145-A417-5D8A4938395F}
		{15D61767-06C2-45F8-B54D-9FA02567133C} = {AB9E0EDB-D2CC-43B6-A7A2-486B9E153AD8}
		{92A3A9CF-0065-47F2-9253-47CAA45F99FC} = {92BEDC76-2ABE-4145-A417-5D8A4938395F}
	EndGlobalSection
EndGlobal
